
Microsoft Visual Studio Solution File, Format Version 12.00
# Visual Studio Version 17
VisualStudioVersion = 17.14.36811.4
MinimumVisualStudioVersion = 10.0.40219.1
Project("{FAE04EC0-301F-11D3-BF4B-00C04F79EFBC}") = "BanDoMba", "BanDoMba\BanDoMba.csproj", "{24B473CA-0E4A-4966-91CA-F2F6271889C6}"
EndProject
Project("{2150E333-8FDC-42A3-9474-1A3956D46DE8}") = "Doc", "Doc", "{02EA681E-C7D8-13C7-8484-4AC65E1B71E8}"
EndProject
Global
	GlobalSection(SolutionConfigurationPlatforms) = preSolution
		Debug|Any CPU = Debug|Any CPU
		Release|Any CPU = Release|Any CPU
	EndGlobalSection
	GlobalSection(ProjectConfigurationPlatforms) = postSolution
		{24B473CA-0E4A-4966-91CA-F2F6271889C6}.Debug|Any CPU.ActiveCfg = Debug|Any CPU
		{24B473CA-0E4A-4966-91CA-F2F6271889C6}.Debug|Any CPU.Build.0 = Debug|Any CPU
		{24B473CA-0E4A-4966-91CA-F2F6271889C6}.Release|Any CPU.ActiveCfg = Release|Any CPU
		{24B473CA-0E4A-4966-91CA-F2F6271889C6}.Release|Any CPU.Build.0 = Release|Any CPU
	EndGlobalSection
	GlobalSection(SolutionProperties) = preSolution
		HideSolutionNode = FALSE
	EndGlobalSection
	GlobalSection(ExtensibilityGlobals) = postSolution
		SolutionGuid = {D7921C55-89B0-4A4B-9D3B-39245BB6EED3}
	EndGlobalSection
EndGlobal
